---
lockfileVersion: '9.0'

importers:

  .:
    configDependencies: {}
    packageManagerDependencies:
      '@pnpm/exe':
        specifier: ^11.15.1
        version: 11.15.1
      pnpm:
        specifier: ^11.15.1
        version: 11.15.1

packages:

  '@pnpm/exe@11.15.1':
    resolution: {integrity: sha512-+e+DQrUPtDqH+9blSre23l7od3P3lRy43HN8TOKHNvbtuTNDRQtqQ0seHk/kn7iJl+ZSKBALFrQXPvbItNgRwA==}
    hasBin: true

  '@pnpm/linux-arm64@11.15.1':
    resolution: {integrity: sha512-8QOTdBeklXcE/AY4cAR2RJ4809I38kLxtInAYW4sVDfQoWYjmEIoU/ZxpHsk78KM8VU0BehtOB+iZsMxSCyiLQ==}
    cpu: [arm64]
    os: [linux]

  '@pnpm/linux-x64@11.15.1':
    resolution: {integrity: sha512-hbhuC2Rh5Zw9ERUsQhOSLPnwfWSRTU6phtuFdK2I2raYCXa7v5C4i+XKTH+sKLPG5vJiKPyi4Hd62UECHZoy2w==}
    cpu: [x64]
    os: [linux]

  '@pnpm/linuxstatic-arm64@11.15.1':
    resolution: {integrity: sha512-xEL9kDvLXnNYAgQak9tfIhO/BaBf1R/1+/dzzntuquzSqrEaPs0x0P4qMmwq02hVBDfAGA2MAD4n9kmc6Q//tw==}
    cpu: [arm64]
    os: [linux]
    libc: [musl]

  '@pnpm/linuxstatic-x64@11.15.1':
    resolution: {integrity: sha512-SLJ4neJx649ri4qHdseQN6SnAy6nNFnsLGi7g+EH32cVux4aWX7tjMNTPHrUKJ6Oc7C6oPGXUpLmemEvAwCPOg==}
    cpu: [x64]
    os: [linux]
    libc: [musl]

  '@pnpm/macos-arm64@11.15.1':
    resolution: {integrity: sha512-GbIUQcDZgO/i1Ql38Pk269KNYpEbSCWYcSXBHgT62y8qVTrpEbmi+TKNaLVYuUkK0k/hMibySRa5GUs7/vnNyw==}
    cpu: [arm64]
    os: [darwin]

  '@pnpm/win-arm64@11.15.1':
    resolution: {integrity: sha512-pLlcpdtoaHJxVfhWahoQg5U7Mv9b6/X/8og+dY1GX1GvsZU3Wf7Y+LlA1sfxqoPcohtQdo6MdJkWiOZ3nIFMCQ==}
    cpu: [arm64]
    os: [win32]

  '@pnpm/win-x64@11.15.1':
    resolution: {integrity: sha512-gAvQjBOrNb8zHXRQawBfZRtjDWEFe6p9aSBi8uuMtWB4XAaj0+YuzstsR93llZ/UgP67oTkbkCOITBLayRVGGQ==}
    cpu: [x64]
    os: [win32]

  '@reflink/reflink-darwin-arm64@0.1.19':
    resolution: {integrity: sha512-ruy44Lpepdk1FqDz38vExBY/PVUsjxZA+chd9wozjUH9JjuDT/HEaQYA6wYN9mf041l0yLVar6BCZuWABJvHSA==}
    engines: {node: '>= 10'}
    cpu: [arm64]
    os: [darwin]

  '@reflink/reflink-darwin-x64@0.1.19':
    resolution: {integrity: sha512-By85MSWrMZa+c26TcnAy8SDk0sTUkYlNnwknSchkhHpGXOtjNDUOxJE9oByBnGbeuIE1PiQsxDG3Ud+IVV9yuA==}
    engines: {node: '>= 10'}
    cpu: [x64]
    os: [darwin]

  '@reflink/reflink-linux-arm64-gnu@0.1.19':
    resolution: {integrity: sha512-7P+er8+rP9iNeN+bfmccM4hTAaLP6PQJPKWSA4iSk2bNvo6KU6RyPgYeHxXmzNKzPVRcypZQTpFgstHam6maVg==}
    engines: {node: '>= 10'}
    cpu: [arm64]
    os: [linux]
    libc: [glibc]

  '@reflink/reflink-linux-arm64-musl@0.1.19':
    resolution: {integrity: sha512-37iO/Dp6m5DDaC2sf3zPtx/hl9FV3Xze4xoYidrxxS9bgP3S8ALroxRK6xBG/1TtfXKTvolvp+IjrUU6ujIGmA==}
    engines: {node: '>= 10'}
    cpu: [arm64]
    os: [linux]
    libc: [musl]

  '@reflink/reflink-linux-x64-gnu@0.1.19':
    resolution: {integrity: sha512-jbI8jvuYCaA3MVUdu8vLoLAFqC+iNMpiSuLbxlAgg7x3K5bsS8nOpTRnkLF7vISJ+rVR8W+7ThXlXlUQ93ulkw==}
    engines: {node: '>= 10'}
    cpu: [x64]
    os: [linux]
    libc: [glibc]

  '@reflink/reflink-linux-x64-musl@0.1.19':
    resolution: {integrity: sha512-e9FBWDe+lv7QKAwtKOt6A2W/fyy/aEEfr0g6j/hWzvQcrzHCsz07BNQYlNOjTfeytrtLU7k449H1PI95jA4OjQ==}
    engines: {node: '>= 10'}
    cpu: [x64]
    os: [linux]
    libc: [musl]

  '@reflink/reflink-win32-arm64-msvc@0.1.19':
    resolution: {integrity: sha512-09PxnVIQcd+UOn4WAW73WU6PXL7DwGS6wPlkMhMg2zlHHG65F3vHepOw06HFCq+N42qkaNAc8AKIabWvtk6cIQ==}
    engines: {node: '>= 10'}
    cpu: [arm64]
    os: [win32]

  '@reflink/reflink-win32-x64-msvc@0.1.19':
    resolution: {integrity: sha512-E//yT4ni2SyhwP8JRjVGWr3cbnhWDiPLgnQ66qqaanjjnMiu3O/2tjCPQXlcGc/DEYofpDc9fvhv6tALQsMV9w==}
    engines: {node: '>= 10'}
    cpu: [x64]
    os: [win32]

  '@reflink/reflink@0.1.19':
    resolution: {integrity: sha512-DmCG8GzysnCZ15bres3N5AHCmwBwYgp0As6xjhQ47rAUTUXxJiK+lLUxaGsX3hd/30qUpVElh05PbGuxRPgJwA==}
    engines: {node: '>= 10'}

  detect-libc@2.1.2:
    resolution: {integrity: sha512-Btj2BOOO83o3WyH59e8MgXsxEQVcarkUOpEYrubB0urwnN10yQ364rsiByU11nZlqWYZm05i/of7io4mzihBtQ==}
    engines: {node: '>=8'}

  pnpm@11.15.1:
    resolution: {integrity: sha512-gTULB+U8lTigLx8jA7QpD6LXvgTlbiqXDEzEtBfcdh3hlu2r1J1Vx9yVgNuBAHxEFD5OPX5GKzAA0jwlUSLQZQ==}
    engines: {node: '>=22.13'}
    hasBin: true

snapshots:

  '@pnpm/exe@11.15.1':
    dependencies:
      '@reflink/reflink': 0.1.19
      detect-libc: 2.1.2
    optionalDependencies:
      '@pnpm/linux-arm64': 11.15.1
      '@pnpm/linux-x64': 11.15.1
      '@pnpm/linuxstatic-arm64': 11.15.1
      '@pnpm/linuxstatic-x64': 11.15.1
      '@pnpm/macos-arm64': 11.15.1
      '@pnpm/win-arm64': 11.15.1
      '@pnpm/win-x64': 11.15.1

  '@pnpm/linux-arm64@11.15.1':
    optional: true

  '@pnpm/linux-x64@11.15.1':
    optional: true

  '@pnpm/linuxstatic-arm64@11.15.1':
    optional: true

  '@pnpm/linuxstatic-x64@11.15.1':
    optional: true

  '@pnpm/macos-arm64@11.15.1':
    optional: true

  '@pnpm/win-arm64@11.15.1':
    optional: true

  '@pnpm/win-x64@11.15.1':
    optional: true

  '@reflink/reflink-darwin-arm64@0.1.19':
    optional: true

  '@reflink/reflink-darwin-x64@0.1.19':
    optional: true

  '@reflink/reflink-linux-arm64-gnu@0.1.19':
    optional: true

  '@reflink/reflink-linux-arm64-musl@0.1.19':
    optional: true

  '@reflink/reflink-linux-x64-gnu@0.1.19':
    optional: true

  '@reflink/reflink-linux-x64-musl@0.1.19':
    optional: true

  '@reflink/reflink-win32-arm64-msvc@0.1.19':
    optional: true

  '@reflink/reflink-win32-x64-msvc@0.1.19':
    optional: true

  '@reflink/reflink@0.1.19':
    optionalDependencies:
      '@reflink/reflink-darwin-arm64': 0.1.19
      '@reflink/reflink-darwin-x64': 0.1.19
      '@reflink/reflink-linux-arm64-gnu': 0.1.19
      '@reflink/reflink-linux-arm64-musl': 0.1.19
      '@reflink/reflink-linux-x64-gnu': 0.1.19
      '@reflink/reflink-linux-x64-musl': 0.1.19
      '@reflink/reflink-win32-arm64-msvc': 0.1.19
      '@reflink/reflink-win32-x64-msvc': 0.1.19

  detect-libc@2.1.2: {}

  pnpm@11.15.1: {}

---
lockfileVersion: '9.0'

settings:
  autoInstallPeers: true
  excludeLinksFromLockfile: false

importers:

  .:
    devDependencies:
      turbo:
        specifier: ^2.10.5
        version: 2.10.5

packages:

  '@turbo/darwin-64@2.10.5':
    resolution: {integrity: sha512-ENvPwy3x5yS7MwNYHeWjqOBXkwIMp39Pd+/zXC6PoiNzF8EIvvLZOZZ+ny6L9x4WgS5vxUii2LM5gM+zjPdnWw==}
    cpu: [x64]
    os: [darwin]

  '@turbo/darwin-arm64@2.10.5':
    resolution: {integrity: sha512-rqROo9zsF/P9RqsdtbLD1nFJicjSrYyvQ9kNJC38AbxA3pAs6VAlATvtvOFx7bqOv6vicf20SP9kF33avJjy2w==}
    cpu: [arm64]
    os: [darwin]

  '@turbo/linux-64@2.10.5':
    resolution: {integrity: sha512-RoSSiNFUxi27zLJuM9F6GyWWjHgLch9t6nwD6K0FkXRirZkTLlzIj6IhFnK8H9++nefLtdFqylE4vGjZAv6AAA==}
    cpu: [x64]
    os: [linux]

  '@turbo/linux-arm64@2.10.5':
    resolution: {integrity: sha512-4ZComcpzmHGmVynQqvvi+iZOSq/tBvY1SltXB8g4NZRsrA01W8E+yRL8RNM+PLoyWsrCnJa8xa+DkWkv+xg4iQ==}
    cpu: [arm64]
    os: [linux]

  '@turbo/windows-64@2.10.5':
    resolution: {integrity: sha512-eL2Iyj4DbMINq1Sr1w0iAi6nAiZOF16KSlRGwCJpVh+IWZeY33MAsLHVOBMj1xoFtncVJXclCVpTPL2nBoYkFg==}
    cpu: [x64]
    os: [win32]

  '@turbo/windows-arm64@2.10.5':
    resolution: {integrity: sha512-sog+wP+8YSJrdWZ/rUJg8xghVTrwoG+BrSlDQpnK5fzSgJHn1INRWXbVWRH0d3vX8dBI01E3yxXRre9Dn+OXQA==}
    cpu: [arm64]
    os: [win32]

  turbo@2.10.5:
    resolution: {integrity: sha512-07Y/C7OUp23l4P92PJoYtFNbHjLhftrZH5Ce7dbczS4kX2Re+wtbXvZLoxn/pUtzgsQaRCBaRuZPJp4zmAn0WQ==}
    hasBin: true

snapshots:

  '@turbo/darwin-64@2.10.5':
    optional: true

  '@turbo/darwin-arm64@2.10.5':
    optional: true

  '@turbo/linux-64@2.10.5':
    optional: true

  '@turbo/linux-arm64@2.10.5':
    optional: true

  '@turbo/windows-64@2.10.5':
    optional: true

  '@turbo/windows-arm64@2.10.5':
    optional: true

  turbo@2.10.5:
    optionalDependencies:
      '@turbo/darwin-64': 2.10.5
      '@turbo/darwin-arm64': 2.10.5
      '@turbo/linux-64': 2.10.5
      '@turbo/linux-arm64': 2.10.5
      '@turbo/windows-64': 2.10.5
      '@turbo/windows-arm64': 2.10.5
